PODS:
  - TimedSliver-OC (0.2.6)

DEPENDENCIES:
  - TimedSliver-OC (from `../TimedSliver-OC.podspec`)

EXTERNAL SOURCES:
  TimedSliver-OC:
    :path: "../TimedSliver-OC.podspec"

SPEC CHECKSUMS:
  TimedSliver-OC: e9edc3fed7290f1c81f2839bced9762597d68157

PODFILE CHECKSUM: 753656a677b4920288100626e33aec887be9ee58

COCOAPODS: 1.5.2
