PODS:
  - TimedSliver-OC (0.3.8)

DEPENDENCIES:
  - TimedSliver-OC (from `../TimedSliver-OC.podspec`)

EXTERNAL SOURCES:
  TimedSliver-OC:
    :path: "../TimedSliver-OC.podspec"

SPEC CHECKSUMS:
  TimedSliver-OC: 00fe32e5c229bcb013f1ee461874c518cefde091

PODFILE CHECKSUM: 753656a677b4920288100626e33aec887be9ee58

COCOAPODS: 1.5.2
