// !$*UTF8*$!
{
	archiveVersion = 1;
	classes = {
	};
	objectVersion = 50;
	objects = {

/* Begin PBXBuildFile section */
		34197BE020BCE81E0083725B /* AppDelegate.m in Sources */ = {isa = PBXBuildFile; fileRef = 34197BDF20BCE81E0083725B /* AppDelegate.m */; };
		34197BE320BCE81E0083725B /* ViewController.m in Sources */ = {isa = PBXBuildFile; fileRef = 34197BE220BCE81E0083725B /* ViewController.m */; };
		34197BE620BCE81E0083725B /* Main.storyboard in Resources */ = {isa = PBXBuildFile; fileRef = 34197BE420BCE81E0083725B /* Main.storyboard */; };
		34197BE820BCE81F0083725B /* Assets.xcassets in Resources */ = {isa = PBXBuildFile; fileRef = 34197BE720BCE81F0083725B /* Assets.xcassets */; };
		34197BEB20BCE81F0083725B /* LaunchScreen.storyboard in Resources */ = {isa = PBXBuildFile; fileRef = 34197BE920BCE81F0083725B /* LaunchScreen.storyboard */; };
		34197BEE20BCE81F0083725B /* main.m in Sources */ = {isa = PBXBuildFile; fileRef = 34197BED20BCE81F0083725B /* main.m */; };
		34197C3720BCE8320083725B /* NSDate+JKDate.m in Sources */ = {isa = PBXBuildFile; fileRef = 34197C1320BCE8320083725B /* NSDate+JKDate.m */; };
		34197C3820BCE8320083725B /* UIApplication+JKApplication.m in Sources */ = {isa = PBXBuildFile; fileRef = 34197C1420BCE8320083725B /* UIApplication+JKApplication.m */; };
		34197C3920BCE8320083725B /* UIColor+JKColor.m in Sources */ = {isa = PBXBuildFile; fileRef = 34197C1520BCE8320083725B /* UIColor+JKColor.m */; };
		34197C3A20BCE8320083725B /* NSIndexPath+JKIndexPath.m in Sources */ = {isa = PBXBuildFile; fileRef = 34197C1720BCE8320083725B /* NSIndexPath+JKIndexPath.m */; };
		34197C3B20BCE8320083725B /* NSBundle+JKCategory.m in Sources */ = {isa = PBXBuildFile; fileRef = 34197C1820BCE8320083725B /* NSBundle+JKCategory.m */; };
		34197C3C20BCE8320083725B /* UIView+JKCategory.m in Sources */ = {isa = PBXBuildFile; fileRef = 34197C1A20BCE8320083725B /* UIView+JKCategory.m */; };
		34197C3D20BCE8320083725B /* NSObject+JKCountdown.m in Sources */ = {isa = PBXBuildFile; fileRef = 34197C1C20BCE8320083725B /* NSObject+JKCountdown.m */; };
		34197C3E20BCE8320083725B /* UIScreen+JKCategory.m in Sources */ = {isa = PBXBuildFile; fileRef = 34197C1F20BCE8320083725B /* UIScreen+JKCategory.m */; };
		34197C3F20BCE8320083725B /* NSString+JKCrypto.m in Sources */ = {isa = PBXBuildFile; fileRef = 34197C2120BCE8320083725B /* NSString+JKCrypto.m */; };
		34197C4020BCE8320083725B /* NSString+JKSize.m in Sources */ = {isa = PBXBuildFile; fileRef = 34197C2320BCE8320083725B /* NSString+JKSize.m */; };
		34197C4120BCE8320083725B /* NSObject+JKSize.m in Sources */ = {isa = PBXBuildFile; fileRef = 34197C2420BCE8320083725B /* NSObject+JKSize.m */; };
		34197C4220BCE8320083725B /* UIAlertController+JKAlert.m in Sources */ = {isa = PBXBuildFile; fileRef = 34197C2520BCE8320083725B /* UIAlertController+JKAlert.m */; };
		34197C4320BCE8320083725B /* NSFileManager+JKFileManager.m in Sources */ = {isa = PBXBuildFile; fileRef = 34197C2920BCE8320083725B /* NSFileManager+JKFileManager.m */; };
		34197C4420BCE8320083725B /* NSObject+JKCategory.m in Sources */ = {isa = PBXBuildFile; fileRef = 34197C2B20BCE8320083725B /* NSObject+JKCategory.m */; };
		34197C4520BCE8320083725B /* NSIndexSet+JKIndexSet.m in Sources */ = {isa = PBXBuildFile; fileRef = 34197C2F20BCE8320083725B /* NSIndexSet+JKIndexSet.m */; };
		34197C4620BCE8320083725B /* UIViewController+JKCategory.m in Sources */ = {isa = PBXBuildFile; fileRef = 34197C3220BCE8320083725B /* UIViewController+JKCategory.m */; };
		34197C4720BCE8320083725B /* NSData+JKData.m in Sources */ = {isa = PBXBuildFile; fileRef = 34197C3320BCE8320083725B /* NSData+JKData.m */; };
		34197C4820BCE8320083725B /* NSDictionary+JKDictionary.m in Sources */ = {isa = PBXBuildFile; fileRef = 34197C3420BCE8320083725B /* NSDictionary+JKDictionary.m */; };
		34197C4920BCE8320083725B /* NSString+JKString.m in Sources */ = {isa = PBXBuildFile; fileRef = 34197C3520BCE8320083725B /* NSString+JKString.m */; };
		34197C5220BCECB70083725B /* TimedSliver_OCTests.m in Sources */ = {isa = PBXBuildFile; fileRef = 34197C5120BCECB70083725B /* TimedSliver_OCTests.m */; };
		34197C5420BCECEE0083725B /* TimedSliver_OCUITests.m in Sources */ = {isa = PBXBuildFile; fileRef = 34197C5320BCECEE0083725B /* TimedSliver_OCUITests.m */; };
/* End PBXBuildFile section */

/* Begin PBXContainerItemProxy section */
		34197BF420BCE81F0083725B /* PBXContainerItemProxy */ = {
			isa = PBXContainerItemProxy;
			containerPortal = 34197BD320BCE81E0083725B /* Project object */;
			proxyType = 1;
			remoteGlobalIDString = 34197BDA20BCE81E0083725B;
			remoteInfo = "TimedSliver-OC";
		};
		34197BFF20BCE81F0083725B /* PBXContainerItemProxy */ = {
			isa = PBXContainerItemProxy;
			containerPortal = 34197BD320BCE81E0083725B /* Project object */;
			proxyType = 1;
			remoteGlobalIDString = 34197BDA20BCE81E0083725B;
			remoteInfo = "TimedSliver-OC";
		};
/* End PBXContainerItemProxy section */

/* Begin PBXFileReference section */
		34197BDB20BCE81E0083725B /* TimedSliver-OC.app */ = {isa = PBXFileReference; explicitFileType = wrapper.application; includeInIndex = 0; path = "TimedSliver-OC.app"; sourceTree = BUILT_PRODUCTS_DIR; };
		34197BDE20BCE81E0083725B /* AppDelegate.h */ = {isa = PBXFileReference; lastKnownFileType = sourcecode.c.h; path = AppDelegate.h; sourceTree = "<group>"; };
		34197BDF20BCE81E0083725B /* AppDelegate.m */ = {isa = PBXFileReference; lastKnownFileType = sourcecode.c.objc; path = AppDelegate.m; sourceTree = "<group>"; };
		34197BE120BCE81E0083725B /* ViewController.h */ = {isa = PBXFileReference; lastKnownFileType = sourcecode.c.h; path = ViewController.h; sourceTree = "<group>"; };
		34197BE220BCE81E0083725B /* ViewController.m */ = {isa = PBXFileReference; lastKnownFileType = sourcecode.c.objc; path = ViewController.m; sourceTree = "<group>"; };
		34197BE520BCE81E0083725B /* Base */ = {isa = PBXFileReference; lastKnownFileType = file.storyboard; name = Base; path = Base.lproj/Main.storyboard; sourceTree = "<group>"; };
		34197BE720BCE81F0083725B /* Assets.xcassets */ = {isa = PBXFileReference; lastKnownFileType = folder.assetcatalog; path = Assets.xcassets; sourceTree = "<group>"; };
		34197BEA20BCE81F0083725B /* Base */ = {isa = PBXFileReference; lastKnownFileType = file.storyboard; name = Base; path = Base.lproj/LaunchScreen.storyboard; sourceTree = "<group>"; };
		34197BEC20BCE81F0083725B /* Info.plist */ = {isa = PBXFileReference; lastKnownFileType = text.plist.xml; path = Info.plist; sourceTree = "<group>"; };
		34197BED20BCE81F0083725B /* main.m */ = {isa = PBXFileReference; lastKnownFileType = sourcecode.c.objc; path = main.m; sourceTree = "<group>"; };
		34197BF320BCE81F0083725B /* TimedSliver-OCTests.xctest */ = {isa = PBXFileReference; explicitFileType = wrapper.cfbundle; includeInIndex = 0; path = "TimedSliver-OCTests.xctest"; sourceTree = BUILT_PRODUCTS_DIR; };
		34197BF920BCE81F0083725B /* Info.plist */ = {isa = PBXFileReference; lastKnownFileType = text.plist.xml; path = Info.plist; sourceTree = "<group>"; };
		34197BFE20BCE81F0083725B /* TimedSliver-OCUITests.xctest */ = {isa = PBXFileReference; explicitFileType = wrapper.cfbundle; includeInIndex = 0; path = "TimedSliver-OCUITests.xctest"; sourceTree = BUILT_PRODUCTS_DIR; };
		34197C0420BCE81F0083725B /* Info.plist */ = {isa = PBXFileReference; lastKnownFileType = text.plist.xml; path = Info.plist; sourceTree = "<group>"; };
		34197C1120BCE8320083725B /* NSObject+JKSize.h */ = {isa = PBXFileReference; fileEncoding = 4; lastKnownFileType = sourcecode.c.h; path = "NSObject+JKSize.h"; sourceTree = "<group>"; };
		34197C1220BCE8320083725B /* NSFileManager+JKFileManager.h */ = {isa = PBXFileReference; fileEncoding = 4; lastKnownFileType = sourcecode.c.h; path = "NSFileManager+JKFileManager.h"; sourceTree = "<group>"; };
		34197C1320BCE8320083725B /* NSDate+JKDate.m */ = {isa = PBXFileReference; fileEncoding = 4; lastKnownFileType = sourcecode.c.objc; path = "NSDate+JKDate.m"; sourceTree = "<group>"; };
		34197C1420BCE8320083725B /* UIApplication+JKApplication.m */ = {isa = PBXFileReference; fileEncoding = 4; lastKnownFileType = sourcecode.c.objc; path = "UIApplication+JKApplication.m"; sourceTree = "<group>"; };
		34197C1520BCE8320083725B /* UIColor+JKColor.m */ = {isa = PBXFileReference; fileEncoding = 4; lastKnownFileType = sourcecode.c.objc; path = "UIColor+JKColor.m"; sourceTree = "<group>"; };
		34197C1620BCE8320083725B /* UIAlertController+JKAlert.h */ = {isa = PBXFileReference; fileEncoding = 4; lastKnownFileType = sourcecode.c.h; path = "UIAlertController+JKAlert.h"; sourceTree = "<group>"; };
		34197C1720BCE8320083725B /* NSIndexPath+JKIndexPath.m */ = {isa = PBXFileReference; fileEncoding = 4; lastKnownFileType = sourcecode.c.objc; path = "NSIndexPath+JKIndexPath.m"; sourceTree = "<group>"; };
		34197C1820BCE8320083725B /* NSBundle+JKCategory.m */ = {isa = PBXFileReference; fileEncoding = 4; lastKnownFileType = sourcecode.c.objc; path = "NSBundle+JKCategory.m"; sourceTree = "<group>"; };
		34197C1920BCE8320083725B /* NSObject+JKCategory.h */ = {isa = PBXFileReference; fileEncoding = 4; lastKnownFileType = sourcecode.c.h; path = "NSObject+JKCategory.h"; sourceTree = "<group>"; };
		34197C1A20BCE8320083725B /* UIView+JKCategory.m */ = {isa = PBXFileReference; fileEncoding = 4; lastKnownFileType = sourcecode.c.objc; path = "UIView+JKCategory.m"; sourceTree = "<group>"; };
		34197C1B20BCE8320083725B /* NSString+JKString.h */ = {isa = PBXFileReference; fileEncoding = 4; lastKnownFileType = sourcecode.c.h; path = "NSString+JKString.h"; sourceTree = "<group>"; };
		34197C1C20BCE8320083725B /* NSObject+JKCountdown.m */ = {isa = PBXFileReference; fileEncoding = 4; lastKnownFileType = sourcecode.c.objc; path = "NSObject+JKCountdown.m"; sourceTree = "<group>"; };
		34197C1D20BCE8320083725B /* NSDictionary+JKDictionary.h */ = {isa = PBXFileReference; fileEncoding = 4; lastKnownFileType = sourcecode.c.h; path = "NSDictionary+JKDictionary.h"; sourceTree = "<group>"; };
		34197C1E20BCE8320083725B /* NSData+JKData.h */ = {isa = PBXFileReference; fileEncoding = 4; lastKnownFileType = sourcecode.c.h; path = "NSData+JKData.h"; sourceTree = "<group>"; };
		34197C1F20BCE8320083725B /* UIScreen+JKCategory.m */ = {isa = PBXFileReference; fileEncoding = 4; lastKnownFileType = sourcecode.c.objc; path = "UIScreen+JKCategory.m"; sourceTree = "<group>"; };
		34197C2020BCE8320083725B /* UIViewController+JKCategory.h */ = {isa = PBXFileReference; fileEncoding = 4; lastKnownFileType = sourcecode.c.h; path = "UIViewController+JKCategory.h"; sourceTree = "<group>"; };
		34197C2120BCE8320083725B /* NSString+JKCrypto.m */ = {isa = PBXFileReference; fileEncoding = 4; lastKnownFileType = sourcecode.c.objc; path = "NSString+JKCrypto.m"; sourceTree = "<group>"; };
		34197C2220BCE8320083725B /* NSIndexSet+JKIndexSet.h */ = {isa = PBXFileReference; fileEncoding = 4; lastKnownFileType = sourcecode.c.h; path = "NSIndexSet+JKIndexSet.h"; sourceTree = "<group>"; };
		34197C2320BCE8320083725B /* NSString+JKSize.m */ = {isa = PBXFileReference; fileEncoding = 4; lastKnownFileType = sourcecode.c.objc; path = "NSString+JKSize.m"; sourceTree = "<group>"; };
		34197C2420BCE8320083725B /* NSObject+JKSize.m */ = {isa = PBXFileReference; fileEncoding = 4; lastKnownFileType = sourcecode.c.objc; path = "NSObject+JKSize.m"; sourceTree = "<group>"; };
		34197C2520BCE8320083725B /* UIAlertController+JKAlert.m */ = {isa = PBXFileReference; fileEncoding = 4; lastKnownFileType = sourcecode.c.objc; path = "UIAlertController+JKAlert.m"; sourceTree = "<group>"; };
		34197C2620BCE8320083725B /* UIColor+JKColor.h */ = {isa = PBXFileReference; fileEncoding = 4; lastKnownFileType = sourcecode.c.h; path = "UIColor+JKColor.h"; sourceTree = "<group>"; };
		34197C2720BCE8320083725B /* UIApplication+JKApplication.h */ = {isa = PBXFileReference; fileEncoding = 4; lastKnownFileType = sourcecode.c.h; path = "UIApplication+JKApplication.h"; sourceTree = "<group>"; };
		34197C2820BCE8320083725B /* NSDate+JKDate.h */ = {isa = PBXFileReference; fileEncoding = 4; lastKnownFileType = sourcecode.c.h; path = "NSDate+JKDate.h"; sourceTree = "<group>"; };
		34197C2920BCE8320083725B /* NSFileManager+JKFileManager.m */ = {isa = PBXFileReference; fileEncoding = 4; lastKnownFileType = sourcecode.c.objc; path = "NSFileManager+JKFileManager.m"; sourceTree = "<group>"; };
		34197C2A20BCE8320083725B /* UIView+JKCategory.h */ = {isa = PBXFileReference; fileEncoding = 4; lastKnownFileType = sourcecode.c.h; path = "UIView+JKCategory.h"; sourceTree = "<group>"; };
		34197C2B20BCE8320083725B /* NSObject+JKCategory.m */ = {isa = PBXFileReference; fileEncoding = 4; lastKnownFileType = sourcecode.c.objc; path = "NSObject+JKCategory.m"; sourceTree = "<group>"; };
		34197C2C20BCE8320083725B /* NSBundle+JKCategory.h */ = {isa = PBXFileReference; fileEncoding = 4; lastKnownFileType = sourcecode.c.h; path = "NSBundle+JKCategory.h"; sourceTree = "<group>"; };
		34197C2D20BCE8320083725B /* NSIndexPath+JKIndexPath.h */ = {isa = PBXFileReference; fileEncoding = 4; lastKnownFileType = sourcecode.c.h; path = "NSIndexPath+JKIndexPath.h"; sourceTree = "<group>"; };
		34197C2E20BCE8320083725B /* NSString+JKSize.h */ = {isa = PBXFileReference; fileEncoding = 4; lastKnownFileType = sourcecode.c.h; path = "NSString+JKSize.h"; sourceTree = "<group>"; };
		34197C2F20BCE8320083725B /* NSIndexSet+JKIndexSet.m */ = {isa = PBXFileReference; fileEncoding = 4; lastKnownFileType = sourcecode.c.objc; path = "NSIndexSet+JKIndexSet.m"; sourceTree = "<group>"; };
		34197C3020BCE8320083725B /* NSString+JKCrypto.h */ = {isa = PBXFileReference; fileEncoding = 4; lastKnownFileType = sourcecode.c.h; path = "NSString+JKCrypto.h"; sourceTree = "<group>"; };
		34197C3120BCE8320083725B /* UIScreen+JKCategory.h */ = {isa = PBXFileReference; fileEncoding = 4; lastKnownFileType = sourcecode.c.h; path = "UIScreen+JKCategory.h"; sourceTree = "<group>"; };
		34197C3220BCE8320083725B /* UIViewController+JKCategory.m */ = {isa = PBXFileReference; fileEncoding = 4; lastKnownFileType = sourcecode.c.objc; path = "UIViewController+JKCategory.m"; sourceTree = "<group>"; };
		34197C3320BCE8320083725B /* NSData+JKData.m */ = {isa = PBXFileReference; fileEncoding = 4; lastKnownFileType = sourcecode.c.objc; path = "NSData+JKData.m"; sourceTree = "<group>"; };
		34197C3420BCE8320083725B /* NSDictionary+JKDictionary.m */ = {isa = PBXFileReference; fileEncoding = 4; lastKnownFileType = sourcecode.c.objc; path = "NSDictionary+JKDictionary.m"; sourceTree = "<group>"; };
		34197C3520BCE8320083725B /* NSString+JKString.m */ = {isa = PBXFileReference; fileEncoding = 4; lastKnownFileType = sourcecode.c.objc; path = "NSString+JKString.m"; sourceTree = "<group>"; };
		34197C3620BCE8320083725B /* NSObject+JKCountdown.h */ = {isa = PBXFileReference; fileEncoding = 4; lastKnownFileType = sourcecode.c.h; path = "NSObject+JKCountdown.h"; sourceTree = "<group>"; };
		34197C4B20BCEB4A0083725B /* XCTest.framework */ = {isa = PBXFileReference; lastKnownFileType = wrapper.framework; name = XCTest.framework; path = Platforms/iPhoneOS.platform/Developer/Library/Frameworks/XCTest.framework; sourceTree = DEVELOPER_DIR; };
		34197C5120BCECB70083725B /* TimedSliver_OCTests.m */ = {isa = PBXFileReference; lastKnownFileType = sourcecode.c.objc; path = TimedSliver_OCTests.m; sourceTree = "<group>"; };
		34197C5320BCECEE0083725B /* TimedSliver_OCUITests.m */ = {isa = PBXFileReference; lastKnownFileType = sourcecode.c.objc; path = TimedSliver_OCUITests.m; sourceTree = "<group>"; };
/* End PBXFileReference section */

/* Begin PBXFrameworksBuildPhase section */
		34197BD820BCE81E0083725B /* Frameworks */ = {
			isa = PBXFrameworksBuildPhase;
			buildActionMask = 2147483647;
			files = (
			);
			runOnlyForDeploymentPostprocessing = 0;
		};
		34197BF020BCE81F0083725B /* Frameworks */ = {
			isa = PBXFrameworksBuildPhase;
			buildActionMask = 2147483647;
			files = (
			);
			runOnlyForDeploymentPostprocessing = 0;
		};
		34197BFB20BCE81F0083725B /* Frameworks */ = {
			isa = PBXFrameworksBuildPhase;
			buildActionMask = 2147483647;
			files = (
			);
			runOnlyForDeploymentPostprocessing = 0;
		};
/* End PBXFrameworksBuildPhase section */

/* Begin PBXGroup section */
		34197BD220BCE81E0083725B = {
			isa = PBXGroup;
			children = (
				34197BDD20BCE81E0083725B /* TimedSliver-OC */,
				34197BF620BCE81F0083725B /* TimedSliver-OCTests */,
				34197C0120BCE81F0083725B /* TimedSliver-OCUITests */,
				34197BDC20BCE81E0083725B /* Products */,
				34197C4A20BCEB490083725B /* Frameworks */,
			);
			sourceTree = "<group>";
		};
		34197BDC20BCE81E0083725B /* Products */ = {
			isa = PBXGroup;
			children = (
				34197BDB20BCE81E0083725B /* TimedSliver-OC.app */,
				34197BF320BCE81F0083725B /* TimedSliver-OCTests.xctest */,
				34197BFE20BCE81F0083725B /* TimedSliver-OCUITests.xctest */,
			);
			name = Products;
			sourceTree = "<group>";
		};
		34197BDD20BCE81E0083725B /* TimedSliver-OC */ = {
			isa = PBXGroup;
			children = (
				34197C1020BCE8320083725B /* sources */,
				34197BDE20BCE81E0083725B /* AppDelegate.h */,
				34197BDF20BCE81E0083725B /* AppDelegate.m */,
				34197BE120BCE81E0083725B /* ViewController.h */,
				34197BE220BCE81E0083725B /* ViewController.m */,
				34197BE420BCE81E0083725B /* Main.storyboard */,
				34197BE720BCE81F0083725B /* Assets.xcassets */,
				34197BE920BCE81F0083725B /* LaunchScreen.storyboard */,
				34197BEC20BCE81F0083725B /* Info.plist */,
				34197BED20BCE81F0083725B /* main.m */,
			);
			path = "TimedSliver-OC";
			sourceTree = "<group>";
		};
		34197BF620BCE81F0083725B /* TimedSliver-OCTests */ = {
			isa = PBXGroup;
			children = (
				34197C5120BCECB70083725B /* TimedSliver_OCTests.m */,
				34197BF920BCE81F0083725B /* Info.plist */,
			);
			path = "TimedSliver-OCTests";
			sourceTree = "<group>";
		};
		34197C0120BCE81F0083725B /* TimedSliver-OCUITests */ = {
			isa = PBXGroup;
			children = (
				34197C5320BCECEE0083725B /* TimedSliver_OCUITests.m */,
				34197C0420BCE81F0083725B /* Info.plist */,
			);
			path = "TimedSliver-OCUITests";
			sourceTree = "<group>";
		};
		34197C1020BCE8320083725B /* sources */ = {
			isa = PBXGroup;
			children = (
				34197C1120BCE8320083725B /* NSObject+JKSize.h */,
				34197C1220BCE8320083725B /* NSFileManager+JKFileManager.h */,
				34197C1320BCE8320083725B /* NSDate+JKDate.m */,
				34197C1420BCE8320083725B /* UIApplication+JKApplication.m */,
				34197C1520BCE8320083725B /* UIColor+JKColor.m */,
				34197C1620BCE8320083725B /* UIAlertController+JKAlert.h */,
				34197C1720BCE8320083725B /* NSIndexPath+JKIndexPath.m */,
				34197C1820BCE8320083725B /* NSBundle+JKCategory.m */,
				34197C1920BCE8320083725B /* NSObject+JKCategory.h */,
				34197C1A20BCE8320083725B /* UIView+JKCategory.m */,
				34197C1B20BCE8320083725B /* NSString+JKString.h */,
				34197C1C20BCE8320083725B /* NSObject+JKCountdown.m */,
				34197C1D20BCE8320083725B /* NSDictionary+JKDictionary.h */,
				34197C1E20BCE8320083725B /* NSData+JKData.h */,
				34197C1F20BCE8320083725B /* UIScreen+JKCategory.m */,
				34197C2020BCE8320083725B /* UIViewController+JKCategory.h */,
				34197C2120BCE8320083725B /* NSString+JKCrypto.m */,
				34197C2220BCE8320083725B /* NSIndexSet+JKIndexSet.h */,
				34197C2320BCE8320083725B /* NSString+JKSize.m */,
				34197C2420BCE8320083725B /* NSObject+JKSize.m */,
				34197C2520BCE8320083725B /* UIAlertController+JKAlert.m */,
				34197C2620BCE8320083725B /* UIColor+JKColor.h */,
				34197C2720BCE8320083725B /* UIApplication+JKApplication.h */,
				34197C2820BCE8320083725B /* NSDate+JKDate.h */,
				34197C2920BCE8320083725B /* NSFileManager+JKFileManager.m */,
				34197C2A20BCE8320083725B /* UIView+JKCategory.h */,
				34197C2B20BCE8320083725B /* NSObject+JKCategory.m */,
				34197C2C20BCE8320083725B /* NSBundle+JKCategory.h */,
				34197C2D20BCE8320083725B /* NSIndexPath+JKIndexPath.h */,
				34197C2E20BCE8320083725B /* NSString+JKSize.h */,
				34197C2F20BCE8320083725B /* NSIndexSet+JKIndexSet.m */,
				34197C3020BCE8320083725B /* NSString+JKCrypto.h */,
				34197C3120BCE8320083725B /* UIScreen+JKCategory.h */,
				34197C3220BCE8320083725B /* UIViewController+JKCategory.m */,
				34197C3320BCE8320083725B /* NSData+JKData.m */,
				34197C3420BCE8320083725B /* NSDictionary+JKDictionary.m */,
				34197C3520BCE8320083725B /* NSString+JKString.m */,
				34197C3620BCE8320083725B /* NSObject+JKCountdown.h */,
			);
			name = sources;
			path = ../../sources;
			sourceTree = "<group>";
		};
		34197C4A20BCEB490083725B /* Frameworks */ = {
			isa = PBXGroup;
			children = (
				34197C4B20BCEB4A0083725B /* XCTest.framework */,
			);
			name = Frameworks;
			sourceTree = "<group>";
		};
/* End PBXGroup section */

/* Begin PBXNativeTarget section */
		34197BDA20BCE81E0083725B /* TimedSliver-OC */ = {
			isa = PBXNativeTarget;
			buildConfigurationList = 34197C0720BCE81F0083725B /* Build configuration list for PBXNativeTarget "TimedSliver-OC" */;
			buildPhases = (
				34197BD720BCE81E0083725B /* Sources */,
				34197BD820BCE81E0083725B /* Frameworks */,
				34197BD920BCE81E0083725B /* Resources */,
			);
			buildRules = (
			);
			dependencies = (
			);
			name = "TimedSliver-OC";
			productName = "TimedSliver-OC";
			productReference = 34197BDB20BCE81E0083725B /* TimedSliver-OC.app */;
			productType = "com.apple.product-type.application";
		};
		34197BF220BCE81F0083725B /* TimedSliver-OCTests */ = {
			isa = PBXNativeTarget;
			buildConfigurationList = 34197C0A20BCE81F0083725B /* Build configuration list for PBXNativeTarget "TimedSliver-OCTests" */;
			buildPhases = (
				34197BEF20BCE81F0083725B /* Sources */,
				34197BF020BCE81F0083725B /* Frameworks */,
				34197BF120BCE81F0083725B /* Resources */,
			);
			buildRules = (
			);
			dependencies = (
				34197BF520BCE81F0083725B /* PBXTargetDependency */,
			);
			name = "TimedSliver-OCTests";
			productName = "TimedSliver-OCTests";
			productReference = 34197BF320BCE81F0083725B /* TimedSliver-OCTests.xctest */;
			productType = "com.apple.product-type.bundle.unit-test";
		};
		34197BFD20BCE81F0083725B /* TimedSliver-OCUITests */ = {
			isa = PBXNativeTarget;
			buildConfigurationList = 34197C0D20BCE81F0083725B /* Build configuration list for PBXNativeTarget "TimedSliver-OCUITests" */;
			buildPhases = (
				34197BFA20BCE81F0083725B /* Sources */,
				34197BFB20BCE81F0083725B /* Frameworks */,
				34197BFC20BCE81F0083725B /* Resources */,
			);
			buildRules = (
			);
			dependencies = (
				34197C0020BCE81F0083725B /* PBXTargetDependency */,
			);
			name = "TimedSliver-OCUITests";
			productName = "TimedSliver-OCUITests";
			productReference = 34197BFE20BCE81F0083725B /* TimedSliver-OCUITests.xctest */;
			productType = "com.apple.product-type.bundle.ui-testing";
		};
/* End PBXNativeTarget section */

/* Begin PBXProject section */
		34197BD320BCE81E0083725B /* Project object */ = {
			isa = PBXProject;
			attributes = {
				LastUpgradeCheck = 0930;
				ORGANIZATIONNAME = "Jiankun Zhang";
				TargetAttributes = {
					34197BDA20BCE81E0083725B = {
						CreatedOnToolsVersion = 9.3;
					};
					34197BF220BCE81F0083725B = {
						CreatedOnToolsVersion = 9.3;
						TestTargetID = 34197BDA20BCE81E0083725B;
					};
					34197BFD20BCE81F0083725B = {
						CreatedOnToolsVersion = 9.3;
						TestTargetID = 34197BDA20BCE81E0083725B;
					};
				};
			};
			buildConfigurationList = 34197BD620BCE81E0083725B /* Build configuration list for PBXProject "TimedSliver-OC" */;
			compatibilityVersion = "Xcode 9.3";
			developmentRegion = en;
			hasScannedForEncodings = 0;
			knownRegions = (
				en,
				Base,
			);
			mainGroup = 34197BD220BCE81E0083725B;
			productRefGroup = 34197BDC20BCE81E0083725B /* Products */;
			projectDirPath = "";
			projectRoot = "";
			targets = (
				34197BDA20BCE81E0083725B /* TimedSliver-OC */,
				34197BF220BCE81F0083725B /* TimedSliver-OCTests */,
				34197BFD20BCE81F0083725B /* TimedSliver-OCUITests */,
			);
		};
/* End PBXProject section */

/* Begin PBXResourcesBuildPhase section */
		34197BD920BCE81E0083725B /* Resources */ = {
			isa = PBXResourcesBuildPhase;
			buildActionMask = 2147483647;
			files = (
				34197BEB20BCE81F0083725B /* LaunchScreen.storyboard in Resources */,
				34197BE820BCE81F0083725B /* Assets.xcassets in Resources */,
				34197BE620BCE81E0083725B /* Main.storyboard in Resources */,
			);
			runOnlyForDeploymentPostprocessing = 0;
		};
		34197BF120BCE81F0083725B /* Resources */ = {
			isa = PBXResourcesBuildPhase;
			buildActionMask = 2147483647;
			files = (
			);
			runOnlyForDeploymentPostprocessing = 0;
		};
		34197BFC20BCE81F0083725B /* Resources */ = {
			isa = PBXResourcesBuildPhase;
			buildActionMask = 2147483647;
			files = (
			);
			runOnlyForDeploymentPostprocessing = 0;
		};
/* End PBXResourcesBuildPhase section */

/* Begin PBXSourcesBuildPhase section */
		34197BD720BCE81E0083725B /* Sources */ = {
			isa = PBXSourcesBuildPhase;
			buildActionMask = 2147483647;
			files = (
				34197C3820BCE8320083725B /* UIApplication+JKApplication.m in Sources */,
				34197C3C20BCE8320083725B /* UIView+JKCategory.m in Sources */,
				34197C4220BCE8320083725B /* UIAlertController+JKAlert.m in Sources */,
				34197C4720BCE8320083725B /* NSData+JKData.m in Sources */,
				34197C3D20BCE8320083725B /* NSObject+JKCountdown.m in Sources */,
				34197C4820BCE8320083725B /* NSDictionary+JKDictionary.m in Sources */,
				34197C4620BCE8320083725B /* UIViewController+JKCategory.m in Sources */,
				34197C3B20BCE8320083725B /* NSBundle+JKCategory.m in Sources */,
				34197BE320BCE81E0083725B /* ViewController.m in Sources */,
				34197C3E20BCE8320083725B /* UIScreen+JKCategory.m in Sources */,
				34197C4520BCE8320083725B /* NSIndexSet+JKIndexSet.m in Sources */,
				34197C4920BCE8320083725B /* NSString+JKString.m in Sources */,
				34197BEE20BCE81F0083725B /* main.m in Sources */,
				34197C3F20BCE8320083725B /* NSString+JKCrypto.m in Sources */,
				34197C3A20BCE8320083725B /* NSIndexPath+JKIndexPath.m in Sources */,
				34197C4120BCE8320083725B /* NSObject+JKSize.m in Sources */,
				34197BE020BCE81E0083725B /* AppDelegate.m in Sources */,
				34197C3920BCE8320083725B /* UIColor+JKColor.m in Sources */,
				34197C3720BCE8320083725B /* NSDate+JKDate.m in Sources */,
				34197C4420BCE8320083725B /* NSObject+JKCategory.m in Sources */,
				34197C4020BCE8320083725B /* NSString+JKSize.m in Sources */,
				34197C4320BCE8320083725B /* NSFileManager+JKFileManager.m in Sources */,
			);
			runOnlyForDeploymentPostprocessing = 0;
		};
		34197BEF20BCE81F0083725B /* Sources */ = {
			isa = PBXSourcesBuildPhase;
			buildActionMask = 2147483647;
			files = (
				34197C5220BCECB70083725B /* TimedSliver_OCTests.m in Sources */,
			);
			runOnlyForDeploymentPostprocessing = 0;
		};
		34197BFA20BCE81F0083725B /* Sources */ = {
			isa = PBXSourcesBuildPhase;
			buildActionMask = 2147483647;
			files = (
				34197C5420BCECEE0083725B /* TimedSliver_OCUITests.m in Sources */,
			);
			runOnlyForDeploymentPostprocessing = 0;
		};
/* End PBXSourcesBuildPhase section */

/* Begin PBXTargetDependency section */
		34197BF520BCE81F0083725B /* PBXTargetDependency */ = {
			isa = PBXTargetDependency;
			target = 34197BDA20BCE81E0083725B /* TimedSliver-OC */;
			targetProxy = 34197BF420BCE81F0083725B /* PBXContainerItemProxy */;
		};
		34197C0020BCE81F0083725B /* PBXTargetDependency */ = {
			isa = PBXTargetDependency;
			target = 34197BDA20BCE81E0083725B /* TimedSliver-OC */;
			targetProxy = 34197BFF20BCE81F0083725B /* PBXContainerItemProxy */;
		};
/* End PBXTargetDependency section */

/* Begin PBXVariantGroup section */
		34197BE420BCE81E0083725B /* Main.storyboard */ = {
			isa = PBXVariantGroup;
			children = (
				34197BE520BCE81E0083725B /* Base */,
			);
			name = Main.storyboard;
			sourceTree = "<group>";
		};
		34197BE920BCE81F0083725B /* LaunchScreen.storyboard */ = {
			isa = PBXVariantGroup;
			children = (
				34197BEA20BCE81F0083725B /* Base */,
			);
			name = LaunchScreen.storyboard;
			sourceTree = "<group>";
		};
/* End PBXVariantGroup section */

/* Begin XCBuildConfiguration section */
		34197C0520BCE81F0083725B /* Debug */ = {
			isa = XCBuildConfiguration;
			buildSettings = {
				ALWAYS_SEARCH_USER_PATHS = NO;
				CLANG_ANALYZER_NONNULL = YES;
				CLANG_ANALYZER_NUMBER_OBJECT_CONVERSION = YES_AGGRESSIVE;
				CLANG_CXX_LANGUAGE_STANDARD = "gnu++14";
				CLANG_CXX_LIBRARY = "libc++";
				CLANG_ENABLE_MODULES = YES;
				CLANG_ENABLE_OBJC_ARC = YES;
				CLANG_ENABLE_OBJC_WEAK = YES;
				CLANG_WARN_BLOCK_CAPTURE_AUTORELEASING = YES;
				CLANG_WARN_BOOL_CONVERSION = YES;
				CLANG_WARN_COMMA = YES;
				CLANG_WARN_CONSTANT_CONVERSION = YES;
				CLANG_WARN_DEPRECATED_OBJC_IMPLEMENTATIONS = YES;
				CLANG_WARN_DIRECT_OBJC_ISA_USAGE = YES_ERROR;
				CLANG_WARN_DOCUMENTATION_COMMENTS = YES;
				CLANG_WARN_EMPTY_BODY = YES;
				CLANG_WARN_ENUM_CONVERSION = YES;
				CLANG_WARN_INFINITE_RECURSION = YES;
				CLANG_WARN_INT_CONVERSION = YES;
				CLANG_WARN_NON_LITERAL_NULL_CONVERSION = YES;
				CLANG_WARN_OBJC_IMPLICIT_RETAIN_SELF = YES;
				CLANG_WARN_OBJC_LITERAL_CONVERSION = YES;
				CLANG_WARN_OBJC_ROOT_CLASS = YES_ERROR;
				CLANG_WARN_RANGE_LOOP_ANALYSIS = YES;
				CLANG_WARN_STRICT_PROTOTYPES = YES;
				CLANG_WARN_SUSPICIOUS_MOVE = YES;
				CLANG_WARN_UNGUARDED_AVAILABILITY = YES_AGGRESSIVE;
				CLANG_WARN_UNREACHABLE_CODE = YES;
				CLANG_WARN__DUPLICATE_METHOD_MATCH = YES;
				CODE_SIGN_IDENTITY = "iPhone Developer";
				COPY_PHASE_STRIP = NO;
				DEBUG_INFORMATION_FORMAT = dwarf;
				ENABLE_STRICT_OBJC_MSGSEND = YES;
				ENABLE_TESTABILITY = YES;
				GCC_C_LANGUAGE_STANDARD = gnu11;
				GCC_DYNAMIC_NO_PIC = NO;
				GCC_NO_COMMON_BLOCKS = YES;
				GCC_OPTIMIZATION_LEVEL = 0;
				GCC_PREPROCESSOR_DEFINITIONS = (
					"DEBUG=1",
					"$(inherited)",
				);
				GCC_WARN_64_TO_32_BIT_CONVERSION = YES;
				GCC_WARN_ABOUT_RETURN_TYPE = YES_ERROR;
				GCC_WARN_UNDECLARED_SELECTOR = YES;
				GCC_WARN_UNINITIALIZED_AUTOS = YES_AGGRESSIVE;
				GCC_WARN_UNUSED_FUNCTION = YES;
				GCC_WARN_UNUSED_VARIABLE = YES;
				IPHONEOS_DEPLOYMENT_TARGET = 11.3;
				MTL_ENABLE_DEBUG_INFO = YES;
				ONLY_ACTIVE_ARCH = YES;
				SDKROOT = iphoneos;
			};
			name = Debug;
		};
		34197C0620BCE81F0083725B /* Release */ = {
			isa = XCBuildConfiguration;
			buildSettings = {
				ALWAYS_SEARCH_USER_PATHS = NO;
				CLANG_ANALYZER_NONNULL = YES;
				CLANG_ANALYZER_NUMBER_OBJECT_CONVERSION = YES_AGGRESSIVE;
				CLANG_CXX_LANGUAGE_STANDARD = "gnu++14";
				CLANG_CXX_LIBRARY = "libc++";
				CLANG_ENABLE_MODULES = YES;
				CLANG_ENABLE_OBJC_ARC = YES;
				CLANG_ENABLE_OBJC_WEAK = YES;
				CLANG_WARN_BLOCK_CAPTURE_AUTORELEASING = YES;
				CLANG_WARN_BOOL_CONVERSION = YES;
				CLANG_WARN_COMMA = YES;
				CLANG_WARN_CONSTANT_CONVERSION = YES;
				CLANG_WARN_DEPRECATED_OBJC_IMPLEMENTATIONS = YES;
				CLANG_WARN_DIRECT_OBJC_ISA_USAGE = YES_ERROR;
				CLANG_WARN_DOCUMENTATION_COMMENTS = YES;
				CLANG_WARN_EMPTY_BODY = YES;
				CLANG_WARN_ENUM_CONVERSION = YES;
				CLANG_WARN_INFINITE_RECURSION = YES;
				CLANG_WARN_INT_CONVERSION = YES;
				CLANG_WARN_NON_LITERAL_NULL_CONVERSION = YES;
				CLANG_WARN_OBJC_IMPLICIT_RETAIN_SELF = YES;
				CLANG_WARN_OBJC_LITERAL_CONVERSION = YES;
				CLANG_WARN_OBJC_ROOT_CLASS = YES_ERROR;
				CLANG_WARN_RANGE_LOOP_ANALYSIS = YES;
				CLANG_WARN_STRICT_PROTOTYPES = YES;
				CLANG_WARN_SUSPICIOUS_MOVE = YES;
				CLANG_WARN_UNGUARDED_AVAILABILITY = YES_AGGRESSIVE;
				CLANG_WARN_UNREACHABLE_CODE = YES;
				CLANG_WARN__DUPLICATE_METHOD_MATCH = YES;
				CODE_SIGN_IDENTITY = "iPhone Developer";
				COPY_PHASE_STRIP = NO;
				DEBUG_INFORMATION_FORMAT = "dwarf-with-dsym";
				ENABLE_NS_ASSERTIONS = NO;
				ENABLE_STRICT_OBJC_MSGSEND = YES;
				GCC_C_LANGUAGE_STANDARD = gnu11;
				GCC_NO_COMMON_BLOCKS = YES;
				GCC_WARN_64_TO_32_BIT_CONVERSION = YES;
				GCC_WARN_ABOUT_RETURN_TYPE = YES_ERROR;
				GCC_WARN_UNDECLARED_SELECTOR = YES;
				GCC_WARN_UNINITIALIZED_AUTOS = YES_AGGRESSIVE;
				GCC_WARN_UNUSED_FUNCTION = YES;
				GCC_WARN_UNUSED_VARIABLE = YES;
				IPHONEOS_DEPLOYMENT_TARGET = 11.3;
				MTL_ENABLE_DEBUG_INFO = NO;
				SDKROOT = iphoneos;
				VALIDATE_PRODUCT = YES;
			};
			name = Release;
		};
		34197C0820BCE81F0083725B /* Debug */ = {
			isa = XCBuildConfiguration;
			buildSettings = {
				ASSETCATALOG_COMPILER_APPICON_NAME = AppIcon;
				CODE_SIGN_STYLE = Automatic;
				DEVELOPMENT_TEAM = 2ZSYAFR9W9;
				FRAMEWORK_SEARCH_PATHS = "$(PLATFORM_DIR)/Developer/Library/Frameworks";
				INFOPLIST_FILE = "TimedSliver-OC/Info.plist";
				LD_RUNPATH_SEARCH_PATHS = (
					"$(inherited)",
					"@executable_path/Frameworks",
				);
				PRODUCT_BUNDLE_IDENTIFIER = "com.boe.TimedSliver-OC";
				PRODUCT_NAME = "$(TARGET_NAME)";
				TARGETED_DEVICE_FAMILY = "1,2";
			};
			name = Debug;
		};
		34197C0920BCE81F0083725B /* Release */ = {
			isa = XCBuildConfiguration;
			buildSettings = {
				ASSETCATALOG_COMPILER_APPICON_NAME = AppIcon;
				CODE_SIGN_STYLE = Automatic;
				DEVELOPMENT_TEAM = 2ZSYAFR9W9;
				FRAMEWORK_SEARCH_PATHS = "$(PLATFORM_DIR)/Developer/Library/Frameworks";
				INFOPLIST_FILE = "TimedSliver-OC/Info.plist";
				LD_RUNPATH_SEARCH_PATHS = (
					"$(inherited)",
					"@executable_path/Frameworks",
				);
				PRODUCT_BUNDLE_IDENTIFIER = "com.boe.TimedSliver-OC";
				PRODUCT_NAME = "$(TARGET_NAME)";
				TARGETED_DEVICE_FAMILY = "1,2";
			};
			name = Release;
		};
		34197C0B20BCE81F0083725B /* Debug */ = {
			isa = XCBuildConfiguration;
			buildSettings = {
				BUNDLE_LOADER = "$(TEST_HOST)";
				CODE_SIGN_STYLE = Automatic;
				DEVELOPMENT_TEAM = 2ZSYAFR9W9;
				INFOPLIST_FILE = "TimedSliver-OCTests/Info.plist";
				LD_RUNPATH_SEARCH_PATHS = (
					"$(inherited)",
					"@executable_path/Frameworks",
					"@loader_path/Frameworks",
				);
				PRODUCT_BUNDLE_IDENTIFIER = "com.boe.TimedSliver-OCTests";
				PRODUCT_NAME = "$(TARGET_NAME)";
				TARGETED_DEVICE_FAMILY = "1,2";
				TEST_HOST = "$(BUILT_PRODUCTS_DIR)/TimedSliver-OC.app/TimedSliver-OC";
			};
			name = Debug;
		};
		34197C0C20BCE81F0083725B /* Release */ = {
			isa = XCBuildConfiguration;
			buildSettings = {
				BUNDLE_LOADER = "$(TEST_HOST)";
				CODE_SIGN_STYLE = Automatic;
				DEVELOPMENT_TEAM = 2ZSYAFR9W9;
				INFOPLIST_FILE = "TimedSliver-OCTests/Info.plist";
				LD_RUNPATH_SEARCH_PATHS = (
					"$(inherited)",
					"@executable_path/Frameworks",
					"@loader_path/Frameworks",
				);
				PRODUCT_BUNDLE_IDENTIFIER = "com.boe.TimedSliver-OCTests";
				PRODUCT_NAME = "$(TARGET_NAME)";
				TARGETED_DEVICE_FAMILY = "1,2";
				TEST_HOST = "$(BUILT_PRODUCTS_DIR)/TimedSliver-OC.app/TimedSliver-OC";
			};
			name = Release;
		};
		34197C0E20BCE81F0083725B /* Debug */ = {
			isa = XCBuildConfiguration;
			buildSettings = {
				CODE_SIGN_STYLE = Automatic;
				DEVELOPMENT_TEAM = 2ZSYAFR9W9;
				INFOPLIST_FILE = "TimedSliver-OCUITests/Info.plist";
				LD_RUNPATH_SEARCH_PATHS = (
					"$(inherited)",
					"@executable_path/Frameworks",
					"@loader_path/Frameworks",
				);
				PRODUCT_BUNDLE_IDENTIFIER = "com.boe.TimedSliver-OCUITests";
				PRODUCT_NAME = "$(TARGET_NAME)";
				TARGETED_DEVICE_FAMILY = "1,2";
				TEST_TARGET_NAME = "TimedSliver-OC";
			};
			name = Debug;
		};
		34197C0F20BCE81F0083725B /* Release */ = {
			isa = XCBuildConfiguration;
			buildSettings = {
				CODE_SIGN_STYLE = Automatic;
				DEVELOPMENT_TEAM = 2ZSYAFR9W9;
				INFOPLIST_FILE = "TimedSliver-OCUITests/Info.plist";
				LD_RUNPATH_SEARCH_PATHS = (
					"$(inherited)",
					"@executable_path/Frameworks",
					"@loader_path/Frameworks",
				);
				PRODUCT_BUNDLE_IDENTIFIER = "com.boe.TimedSliver-OCUITests";
				PRODUCT_NAME = "$(TARGET_NAME)";
				TARGETED_DEVICE_FAMILY = "1,2";
				TEST_TARGET_NAME = "TimedSliver-OC";
			};
			name = Release;
		};
/* End XCBuildConfiguration section */

/* Begin XCConfigurationList section */
		34197BD620BCE81E0083725B /* Build configuration list for PBXProject "TimedSliver-OC" */ = {
			isa = XCConfigurationList;
			buildConfigurations = (
				34197C0520BCE81F0083725B /* Debug */,
				34197C0620BCE81F0083725B /* Release */,
			);
			defaultConfigurationIsVisible = 0;
			defaultConfigurationName = Release;
		};
		34197C0720BCE81F0083725B /* Build configuration list for PBXNativeTarget "TimedSliver-OC" */ = {
			isa = XCConfigurationList;
			buildConfigurations = (
				34197C0820BCE81F0083725B /* Debug */,
				34197C0920BCE81F0083725B /* Release */,
			);
			defaultConfigurationIsVisible = 0;
			defaultConfigurationName = Release;
		};
		34197C0A20BCE81F0083725B /* Build configuration list for PBXNativeTarget "TimedSliver-OCTests" */ = {
			isa = XCConfigurationList;
			buildConfigurations = (
				34197C0B20BCE81F0083725B /* Debug */,
				34197C0C20BCE81F0083725B /* Release */,
			);
			defaultConfigurationIsVisible = 0;
			defaultConfigurationName = Release;
		};
		34197C0D20BCE81F0083725B /* Build configuration list for PBXNativeTarget "TimedSliver-OCUITests" */ = {
			isa = XCConfigurationList;
			buildConfigurations = (
				34197C0E20BCE81F0083725B /* Debug */,
				34197C0F20BCE81F0083725B /* Release */,
			);
			defaultConfigurationIsVisible = 0;
			defaultConfigurationName = Release;
		};
/* End XCConfigurationList section */
	};
	rootObject = 34197BD320BCE81E0083725B /* Project object */;
}
